<?xml version="1.0" encoding="utf-8"?>
<Project ToolsVersion="4.0" xmlns="http://schemas.microsoft.com/developer/msbuild/2003">
  <ItemGroup>
    <Filter Include="Source Files">
      <UniqueIdentifier>{4FC737F1-C7A5-4376-A066-2A32D752A2FF}</UniqueIdentifier>
      <Extensions>cpp;c;cc;cxx;c++;cppm;ixx;def;odl;idl;hpj;bat;asm;asmx</Extensions>
    </Filter>
    <Filter Include="Header Files">
      <UniqueIdentifier>{93995380-89BD-4b04-88EB-625FBE52EBFB}</UniqueIdentifier>
      <Extensions>h;hh;hpp;hxx;h++;hm;inl;inc;ipp;xsd</Extensions>
    </Filter>
    <Filter Include="Resource Files">
      <UniqueIdentifier>{67DA6AB6-F800-4c08-8B7A-83BB121AAD01}</UniqueIdentifier>
      <Extensions>rc;ico;cur;bmp;dlg;rc2;rct;bin;rgs;gif;jpg;jpeg;jpe;resx;tiff;tif;png;wav;mfcribbon-ms</Extensions>
    </Filter>
    <Filter Include="Source Files\hello_triangle">
      <UniqueIdentifier>{62c4791c-b0a9-4aa4-8dfc-b63453d66720}</UniqueIdentifier>
    </Filter>
    <Filter Include="Source Files\shaders">
      <UniqueIdentifier>{09e49acc-e512-4042-967e-941f4376a257}</UniqueIdentifier>
    </Filter>
    <Filter Include="Source Files\shader_files">
      <UniqueIdentifier>{0e35f8c6-f10a-401d-bc5b-f418caee45d5}</UniqueIdentifier>
    </Filter>
    <Filter Include="Source Files\textures">
      <UniqueIdentifier>{3899903a-1295-401f-9f7c-d5d18006f3ad}</UniqueIdentifier>
    </Filter>
    <Filter Include="Source Files\NewFilter1">
      <UniqueIdentifier>{d34a14be-1ba5-496d-b1f3-a12839211c07}</UniqueIdentifier>
    </Filter>
    <Filter Include="Source Files\textures\resources">
      <UniqueIdentifier>{2d32786e-e784-4889-a5f8-c881b5d674df}</UniqueIdentifier>
    </Filter>
    <Filter Include="Source Files\pyramid3D">
      <UniqueIdentifier>{ad79f4b0-70d4-4a26-835f-100c78c0d4c0}</UniqueIdentifier>
    </Filter>
    <Filter Include="Source Files\pyramid3D\shaders">
      <UniqueIdentifier>{b80fbfd7-6805-42b7-9c45-1663bfb52dc7}</UniqueIdentifier>
    </Filter>
  </ItemGroup>
  <ItemGroup>
    <ClCompile Include="..\..\Libros\OpenGL\glad\glad\src\glad.c">
      <Filter>Source Files</Filter>
    </ClCompile>
    <ClCompile Include="stb_image.cpp">
      <Filter>Source Files</Filter>
    </ClCompile>
    <ClCompile Include="glut.cpp">
      <Filter>Source Files</Filter>
    </ClCompile>
    <ClCompile Include="text_rendering.cpp">
      <Filter>Source Files</Filter>
    </ClCompile>
  </ItemGroup>
  <ItemGroup>
    <ClInclude Include="resource.h">
      <Filter>Header Files</Filter>
    </ClInclude>
    <ClInclude Include="shader.h">
      <Filter>Header Files</Filter>
    </ClInclude>
    <ClInclude Include="..\..\..\Downloads\stb_image.h">
      <Filter>Header Files</Filter>
    </ClInclude>
    <ClInclude Include="..\..\..\Downloads\glut.h">
      <Filter>Header Files</Filter>
    </ClInclude>
    <ClInclude Include="..\GLM\glm\glm\glm.hpp">
      <Filter>Header Files</Filter>
    </ClInclude>
    <ClInclude Include="..\GLM\glm\glm\gtc\matrix_transform.hpp">
      <Filter>Header Files</Filter>
    </ClInclude>
    <ClInclude Include="..\GLM\glm\glm\gtc\type_ptr.hpp">
      <Filter>Header Files</Filter>
    </ClInclude>
    <ClInclude Include="camera.h">
      <Filter>Source Files</Filter>
    </ClInclude>
    <ClInclude Include="ft2build.h">
      <Filter>Header Files</Filter>
    </ClInclude>
  </ItemGroup>
  <ItemGroup>
    <ResourceCompile Include="getting_started_1.1_hello_window.rc">
      <Filter>Resource Files</Filter>
    </ResourceCompile>
  </ItemGroup>
  <ItemGroup>
    <None Include="shader.fs">
      <Filter>Source Files</Filter>
    </None>
    <None Include="shader.vs">
      <Filter>Source Files</Filter>
    </None>
    <None Include="texture.fs">
      <Filter>Source Files</Filter>
    </None>
    <None Include="texture.vs">
      <Filter>Source Files</Filter>
    </None>
    <None Include="transform.vs">
      <Filter>Source Files</Filter>
    </None>
    <None Include="coordinate.vs">
      <Filter>Source Files</Filter>
    </None>
    <None Include="coordinate.fs">
      <Filter>Source Files</Filter>
    </None>
    <None Include="pyramid_shader.fs">
      <Filter>Source Files\pyramid3D</Filter>
    </None>
    <None Include="pyramid_shader.vs">
      <Filter>Source Files\pyramid3D</Filter>
    </None>
    <None Include="text_renderer.vs">
      <Filter>Source Files</Filter>
    </None>
    <None Include="text_renderer.frag">
      <Filter>Source Files</Filter>
    </None>
  </ItemGroup>
  <ItemGroup>
    <Image Include="..\..\..\Downloads\container.jpg">
      <Filter>Source Files\textures\resources</Filter>
    </Image>
    <Image Include="..\..\Libros\OpenGL\texture\container.jpg">
      <Filter>Source Files</Filter>
    </Image>
    <Image Include="..\..\Libros\OpenGL\texture\awesomeface.png">
      <Filter>Source Files</Filter>
    </Image>
    <Image Include="..\..\Libros\OpenGL\texture\container.png">
      <Filter>Source Files</Filter>
    </Image>
  </ItemGroup>
</Project>